
Microsoft Visual Studio Solution File, Format Version 12.00
# Visual Studio Version 17
VisualStudioVersion = 17.0.32002.185
MinimumVisualStudioVersion = 10.0.40219.1
Project("{FAE04EC0-301F-11D3-BF4B-00C04F79EFBC}") = "Celsius", "Celsius.csproj", "{2569AD03-99C3-4DD0-A471-7403E9704BD9}"
EndProject
Global
	GlobalSection(SolutionConfigurationPlatforms) = preSolution
		Debug|Any CPU = Debug|Any CPU
		Release|Any CPU = Release|Any CPU
	EndGlobalSection
	GlobalSection(ProjectConfigurationPlatforms) = postSolution
		{2569AD03-99C3-4DD0-A471-7403E9704BD9}.Debug|Any CPU.ActiveCfg = Debug|Any CPU
		{2569AD03-99C3-4DD0-A471-7403E9704BD9}.Debug|Any CPU.Build.0 = Debug|Any CPU
		{2569AD03-99C3-4DD0-A471-7403E9704BD9}.Release|Any CPU.ActiveCfg = Release|Any CPU
		{2569AD03-99C3-4DD0-A471-7403E9704BD9}.Release|Any CPU.Build.0 = Release|Any CPU
	EndGlobalSection
	GlobalSection(SolutionProperties) = preSolution
		HideSolutionNode = FALSE
	EndGlobalSection
	GlobalSection(ExtensibilityGlobals) = postSolution
		SolutionGuid = {7EF8447E-F547-492C-90EB-6C97AB9376D9}
	EndGlobalSection
EndGlobal
